{
  "name": "ucolmoneyconverterzavier",
  "version": "1.0.0",
  "lockfileVersion": 1,
  "requires": true,
  "dependencies": {
    "@types/chai": {
      "version": "4.2.14",
      "resolved": "https://registry.npmjs.org/@types/chai/-/chai-4.2.14.tgz",
      "integrity": "sha512-G+ITQPXkwTrslfG5L/BksmbLUA0M1iybEsmCWPqzSxsRRhJZimBKJkoMi8fr/CPygPTj4zO5pJH7I2/cm9M7SQ==",
      "dev": true
    },
    "@types/mocha": {
      "version": "8.0.4",
      "resolved": "https://registry.npmjs.org/@types/mocha/-/mocha-8.0.4.tgz",
      "integrity": "sha512-M4BwiTJjHmLq6kjON7ZoI2JMlBvpY3BYSdiP6s/qCT3jb1s9/DeJF0JELpAxiVSIxXDzfNKe+r7yedMIoLbknQ==",
      "dev": true
    },
    "@types/node": {
      "version": "14.14.7",
      "resolved": "https://registry.npmjs.org/@types/node/-/node-14.14.7.tgz",
      "integrity": "sha512-Zw1vhUSQZYw+7u5dAwNbIA9TuTotpzY/OF7sJM9FqPOF3SPjKnxrjoTktXDZgUjybf4cWVBP7O8wvKdSaGHweg==",
      "dev": true
    }
  }
}
